
Microsoft Visual Studio Solution File, Format Version 12.00
# Visual Studio Version 16
VisualStudioVersion = 16.0.29728.190
MinimumVisualStudioVersion = 10.0.40219.1
Project("{FAE04EC0-301F-11D3-BF4B-00C04F79EFBC}") = "practica1", "practica1\practica1.csproj", "{9C176D34-295D-4966-844C-5B9BFE2320B0}"
EndProject
Project("{FAE04EC0-301F-11D3-BF4B-00C04F79EFBC}") = "Practica2", "Practica2\Practica2.csproj", "{326CB4C8-60B0-4C9F-AE7C-4C46B23DBDE2}"
EndProject
Project("{FAE04EC0-301F-11D3-BF4B-00C04F79EFBC}") = "Practica3", "Practica3\Practica3.csproj", "{E9B7ED07-2F4A-4A43-9BB1-E14DB8AAEA63}"
EndProject
Project("{FAE04EC0-301F-11D3-BF4B-00C04F79EFBC}") = "Practica4", "Practica4\Practica4.csproj", "{5A409C56-A56C-484B-8A60-957752C3BD08}"
EndProject
Global
	GlobalSection(SolutionConfigurationPlatforms) = preSolution
		Debug|Any CPU = Debug|Any CPU
		Release|Any CPU = Release|Any CPU
	EndGlobalSection
	GlobalSection(ProjectConfigurationPlatforms) = postSolution
		{9C176D34-295D-4966-844C-5B9BFE2320B0}.Debug|Any CPU.ActiveCfg = Debug|Any CPU
		{9C176D34-295D-4966-844C-5B9BFE2320B0}.Debug|Any CPU.Build.0 = Debug|Any CPU
		{9C176D34-295D-4966-844C-5B9BFE2320B0}.Release|Any CPU.ActiveCfg = Release|Any CPU
		{9C176D34-295D-4966-844C-5B9BFE2320B0}.Release|Any CPU.Build.0 = Release|Any CPU
		{326CB4C8-60B0-4C9F-AE7C-4C46B23DBDE2}.Debug|Any CPU.ActiveCfg = Debug|Any CPU
		{326CB4C8-60B0-4C9F-AE7C-4C46B23DBDE2}.Debug|Any CPU.Build.0 = Debug|Any CPU
		{326CB4C8-60B0-4C9F-AE7C-4C46B23DBDE2}.Release|Any CPU.ActiveCfg = Release|Any CPU
		{326CB4C8-60B0-4C9F-AE7C-4C46B23DBDE2}.Release|Any CPU.Build.0 = Release|Any CPU
		{E9B7ED07-2F4A-4A43-9BB1-E14DB8AAEA63}.Debug|Any CPU.ActiveCfg = Debug|Any CPU
		{E9B7ED07-2F4A-4A43-9BB1-E14DB8AAEA63}.Debug|Any CPU.Build.0 = Debug|Any CPU
		{E9B7ED07-2F4A-4A43-9BB1-E14DB8AAEA63}.Release|Any CPU.ActiveCfg = Release|Any CPU
		{E9B7ED07-2F4A-4A43-9BB1-E14DB8AAEA63}.Release|Any CPU.Build.0 = Release|Any CPU
		{5A409C56-A56C-484B-8A60-957752C3BD08}.Debug|Any CPU.ActiveCfg = Debug|Any CPU
		{5A409C56-A56C-484B-8A60-957752C3BD08}.Debug|Any CPU.Build.0 = Debug|Any CPU
		{5A409C56-A56C-484B-8A60-957752C3BD08}.Release|Any CPU.ActiveCfg = Release|Any CPU
		{5A409C56-A56C-484B-8A60-957752C3BD08}.Release|Any CPU.Build.0 = Release|Any CPU
	EndGlobalSection
	GlobalSection(SolutionProperties) = preSolution
		HideSolutionNode = FALSE
	EndGlobalSection
	GlobalSection(ExtensibilityGlobals) = postSolution
		SolutionGuid = {61DB3774-6155-43A0-B573-9668C125E7AD}
	EndGlobalSection
EndGlobal
